# THIS IS AN AUTOGENERATED FILE. DO NOT EDIT THIS FILE DIRECTLY.
# yarn lockfile v1


arg@^4.1.2:
  version "4.1.2"
  resolved "https://registry.yarnpkg.com/arg/-/arg-4.1.2.tgz#e70c90579e02c63d80e3ad4e31d8bfdb8bd50064"
  integrity sha512-+ytCkGcBtHZ3V2r2Z06AncYO8jz46UEamcspGoU8lHcEbpn6J77QK0vdWvChsclg/tM5XIJC5tnjmPp7Eq6Obg==
